// !$*UTF8*$!
{
	archiveVersion = 1;
	classes = {
	};
	objectVersion = 46;
	objects = {

/* Begin PBXBuildFile section */
		32AB80F51CC8D394006CF82A /* main.m in Sources */ = {isa = PBXBuildFile; fileRef = 32AB80F41CC8D394006CF82A /* main.m */; };
		32AB80F81CC8D394006CF82A /* AppDelegate.m in Sources */ = {isa = PBXBuildFile; fileRef = 32AB80F71CC8D394006CF82A /* AppDelegate.m */; };
		32AB80FB1CC8D394006CF82A /* RootViewController.m in Sources */ = {isa = PBXBuildFile; fileRef = 32AB80FA1CC8D394006CF82A /* RootViewController.m */; };
		32AB80FE1CC8D394006CF82A /* DataViewController.m in Sources */ = {isa = PBXBuildFile; fileRef = 32AB80FD1CC8D394006CF82A /* DataViewController.m */; };
		32AB81011CC8D394006CF82A /* ModelController.m in Sources */ = {isa = PBXBuildFile; fileRef = 32AB81001CC8D394006CF82A /* ModelController.m */; };
		32AB81041CC8D394006CF82A /* Main.storyboard in Resources */ = {isa = PBXBuildFile; fileRef = 32AB81021CC8D394006CF82A /* Main.storyboard */; };
		32AB81061CC8D394006CF82A /* Assets.xcassets in Resources */ = {isa = PBXBuildFile; fileRef = 32AB81051CC8D394006CF82A /* Assets.xcassets */; };
		32AB81091CC8D394006CF82A /* LaunchScreen.storyboard in Resources */ = {isa = PBXBuildFile; fileRef = 32AB81071CC8D394006CF82A /* LaunchScreen.storyboard */; };
/* End PBXBuildFile section */

/* Begin PBXFileReference section */
		32AB80F01CC8D394006CF82A /* pageViewDemo.app */ = {isa = PBXFileReference; explicitFileType = wrapper.application; includeInIndex = 0; path = pageViewDemo.app; sourceTree = BUILT_PRODUCTS_DIR; };
		32AB80F41CC8D394006CF82A /* main.m */ = {isa = PBXFileReference; lastKnownFileType = sourcecode.c.objc; path = main.m; sourceTree = "<group>"; };
		32AB80F61CC8D394006CF82A /* AppDelegate.h */ = {isa = PBXFileReference; lastKnownFileType = sourcecode.c.h; path = AppDelegate.h; sourceTree = "<group>"; };
		32AB80F71CC8D394006CF82A /* AppDelegate.m */ = {isa = PBXFileReference; lastKnownFileType = sourcecode.c.objc; path = AppDelegate.m; sourceTree = "<group>"; };
		32AB80F91CC8D394006CF82A /* RootViewController.h */ = {isa = PBXFileReference; lastKnownFileType = sourcecode.c.h; path = RootViewController.h; sourceTree = "<group>"; };
		32AB80FA1CC8D394006CF82A /* RootViewController.m */ = {isa = PBXFileReference; lastKnownFileType = sourcecode.c.objc; path = RootViewController.m; sourceTree = "<group>"; };
		32AB80FC1CC8D394006CF82A /* DataViewController.h */ = {isa = PBXFileReference; lastKnownFileType = sourcecode.c.h; path = DataViewController.h; sourceTree = "<group>"; };
		32AB80FD1CC8D394006CF82A /* DataViewController.m */ = {isa = PBXFileReference; lastKnownFileType = sourcecode.c.objc; path = DataViewController.m; sourceTree = "<group>"; };
		32AB80FF1CC8D394006CF82A /* ModelController.h */ = {isa = PBXFileReference; lastKnownFileType = sourcecode.c.h; path = ModelController.h; sourceTree = "<group>"; };
		32AB81001CC8D394006CF82A /* ModelController.m */ = {isa = PBXFileReference; lastKnownFileType = sourcecode.c.objc; path = ModelController.m; sourceTree = "<group>"; };
		32AB81031CC8D394006CF82A /* Base */ = {isa = PBXFileReference; lastKnownFileType = file.storyboard; name = Base; path = Base.lproj/Main.storyboard; sourceTree = "<group>"; };
		32AB81051CC8D394006CF82A /* Assets.xcassets */ = {isa = PBXFileReference; lastKnownFileType = folder.assetcatalog; path = Assets.xcassets; sourceTree = "<group>"; };
		32AB81081CC8D394006CF82A /* Base */ = {isa = PBXFileReference; lastKnownFileType = file.storyboard; name = Base; path = Base.lproj/LaunchScreen.storyboard; sourceTree = "<group>"; };
		32AB810A1CC8D394006CF82A /* Info.plist */ = {isa = PBXFileReference; lastKnownFileType = text.plist.xml; path = Info.plist; sourceTree = "<group>"; };
/* End PBXFileReference section */

/* Begin PBXFrameworksBuildPhase section */
		32AB80ED1CC8D394006CF82A /* Frameworks */ = {
			isa = PBXFrameworksBuildPhase;
			buildActionMask = 2147483647;
			files = (
			);
			runOnlyForDeploymentPostprocessing = 0;
		};
/* End PBXFrameworksBuildPhase section */

/* Begin PBXGroup section */
		32AB80E71CC8D394006CF82A = {
			isa = PBXGroup;
			children = (
				32AB80F21CC8D394006CF82A /* pageViewDemo */,
				32AB80F11CC8D394006CF82A /* Products */,
			);
			sourceTree = "<group>";
		};
		32AB80F11CC8D394006CF82A /* Products */ = {
			isa = PBXGroup;
			children = (
				32AB80F01CC8D394006CF82A /* pageViewDemo.app */,
			);
			name = Products;
			sourceTree = "<group>";
		};
		32AB80F21CC8D394006CF82A /* pageViewDemo */ = {
			isa = PBXGroup;
			children = (
				32AB80F61CC8D394006CF82A /* AppDelegate.h */,
				32AB80F71CC8D394006CF82A /* AppDelegate.m */,
				32AB80F91CC8D394006CF82A /* RootViewController.h */,
				32AB80FA1CC8D394006CF82A /* RootViewController.m */,
				32AB80FC1CC8D394006CF82A /* DataViewController.h */,
				32AB80FD1CC8D394006CF82A /* DataViewController.m */,
				32AB80FF1CC8D394006CF82A /* ModelController.h */,
				32AB81001CC8D394006CF82A /* ModelController.m */,
				32AB81021CC8D394006CF82A /* Main.storyboard */,
				32AB81051CC8D394006CF82A /* Assets.xcassets */,
				32AB81071CC8D394006CF82A /* LaunchScreen.storyboard */,
				32AB810A1CC8D394006CF82A /* Info.plist */,
				32AB80F31CC8D394006CF82A /* Supporting Files */,
			);
			path = pageViewDemo;
			sourceTree = "<group>";
		};
		32AB80F31CC8D394006CF82A /* Supporting Files */ = {
			isa = PBXGroup;
			children = (
				32AB80F41CC8D394006CF82A /* main.m */,
			);
			name = "Supporting Files";
			sourceTree = "<group>";
		};
/* End PBXGroup section */

/* Begin PBXNativeTarget section */
		32AB80EF1CC8D394006CF82A /* pageViewDemo */ = {
			isa = PBXNativeTarget;
			buildConfigurationList = 32AB810D1CC8D394006CF82A /* Build configuration list for PBXNativeTarget "pageViewDemo" */;
			buildPhases = (
				32AB80EC1CC8D394006CF82A /* Sources */,
				32AB80ED1CC8D394006CF82A /* Frameworks */,
				32AB80EE1CC8D394006CF82A /* Resources */,
			);
			buildRules = (
			);
			dependencies = (
			);
			name = pageViewDemo;
			productName = pageViewDemo;
			productReference = 32AB80F01CC8D394006CF82A /* pageViewDemo.app */;
			productType = "com.apple.product-type.application";
		};
/* End PBXNativeTarget section */

/* Begin PBXProject section */
		32AB80E81CC8D394006CF82A /* Project object */ = {
			isa = PBXProject;
			attributes = {
				LastUpgradeCheck = 0720;
				ORGANIZATIONNAME = "Khushboo Sharma";
				TargetAttributes = {
					32AB80EF1CC8D394006CF82A = {
						CreatedOnToolsVersion = 7.2;
					};
				};
			};
			buildConfigurationList = 32AB80EB1CC8D394006CF82A /* Build configuration list for PBXProject "pageViewDemo" */;
			compatibilityVersion = "Xcode 3.2";
			developmentRegion = English;
			hasScannedForEncodings = 0;
			knownRegions = (
				en,
				Base,
			);
			mainGroup = 32AB80E71CC8D394006CF82A;
			productRefGroup = 32AB80F11CC8D394006CF82A /* Products */;
			projectDirPath = "";
			projectRoot = "";
			targets = (
				32AB80EF1CC8D394006CF82A /* pageViewDemo */,
			);
		};
/* End PBXProject section */

/* Begin PBXResourcesBuildPhase section */
		32AB80EE1CC8D394006CF82A /* Resources */ = {
			isa = PBXResourcesBuildPhase;
			buildActionMask = 2147483647;
			files = (
				32AB81091CC8D394006CF82A /* LaunchScreen.storyboard in Resources */,
				32AB81061CC8D394006CF82A /* Assets.xcassets in Resources */,
				32AB81041CC8D394006CF82A /* Main.storyboard in Resources */,
			);
			runOnlyForDeploymentPostprocessing = 0;
		};
/* End PBXResourcesBuildPhase section */

/* Begin PBXSourcesBuildPhase section */
		32AB80EC1CC8D394006CF82A /* Sources */ = {
			isa = PBXSourcesBuildPhase;
			buildActionMask = 2147483647;
			files = (
				32AB80FE1CC8D394006CF82A /* DataViewController.m in Sources */,
				32AB80F81CC8D394006CF82A /* AppDelegate.m in Sources */,
				32AB81011CC8D394006CF82A /* ModelController.m in Sources */,
				32AB80F51CC8D394006CF82A /* main.m in Sources */,
				32AB80FB1CC8D394006CF82A /* RootViewController.m in Sources */,
			);
			runOnlyForDeploymentPostprocessing = 0;
		};
/* End PBXSourcesBuildPhase section */

/* Begin PBXVariantGroup section */
		32AB81021CC8D394006CF82A /* Main.storyboard */ = {
			isa = PBXVariantGroup;
			children = (
				32AB81031CC8D394006CF82A /* Base */,
			);
			name = Main.storyboard;
			sourceTree = "<group>";
		};
		32AB81071CC8D394006CF82A /* LaunchScreen.storyboard */ = {
			isa = PBXVariantGroup;
			children = (
				32AB81081CC8D394006CF82A /* Base */,
			);
			name = LaunchScreen.storyboard;
			sourceTree = "<group>";
		};
/* End PBXVariantGroup section */

/* Begin XCBuildConfiguration section */
		32AB810B1CC8D394006CF82A /* Debug */ = {
			isa = XCBuildConfiguration;
			buildSettings = {
				ALWAYS_SEARCH_USER_PATHS = NO;
				CLANG_CXX_LANGUAGE_STANDARD = "gnu++0x";
				CLANG_CXX_LIBRARY = "libc++";
				CLANG_ENABLE_MODULES = YES;
				CLANG_ENABLE_OBJC_ARC = YES;
				CLANG_WARN_BOOL_CONVERSION = YES;
				CLANG_WARN_CONSTANT_CONVERSION = YES;
				CLANG_WARN_DIRECT_OBJC_ISA_USAGE = YES_ERROR;
				CLANG_WARN_EMPTY_BODY = YES;
				CLANG_WARN_ENUM_CONVERSION = YES;
				CLANG_WARN_INT_CONVERSION = YES;
				CLANG_WARN_OBJC_ROOT_CLASS = YES_ERROR;
				CLANG_WARN_UNREACHABLE_CODE = YES;
				CLANG_WARN__DUPLICATE_METHOD_MATCH = YES;
				"CODE_SIGN_IDENTITY[sdk=iphoneos*]" = "iPhone Developer";
				COPY_PHASE_STRIP = NO;
				DEBUG_INFORMATION_FORMAT = dwarf;
				ENABLE_STRICT_OBJC_MSGSEND = YES;
				ENABLE_TESTABILITY = YES;
				GCC_C_LANGUAGE_STANDARD = gnu99;
				GCC_DYNAMIC_NO_PIC = NO;
				GCC_NO_COMMON_BLOCKS = YES;
				GCC_OPTIMIZATION_LEVEL = 0;
				GCC_PREPROCESSOR_DEFINITIONS = (
					"DEBUG=1",
					"$(inherited)",
				);
				GCC_WARN_64_TO_32_BIT_CONVERSION = YES;
				GCC_WARN_ABOUT_RETURN_TYPE = YES_ERROR;
				GCC_WARN_UNDECLARED_SELECTOR = YES;
				GCC_WARN_UNINITIALIZED_AUTOS = YES_AGGRESSIVE;
				GCC_WARN_UNUSED_FUNCTION = YES;
				GCC_WARN_UNUSED_VARIABLE = YES;
				IPHONEOS_DEPLOYMENT_TARGET = 9.2;
				MTL_ENABLE_DEBUG_INFO = YES;
				ONLY_ACTIVE_ARCH = YES;
				SDKROOT = iphoneos;
				TARGETED_DEVICE_FAMILY = "1,2";
			};
			name = Debug;
		};
		32AB810C1CC8D394006CF82A /* Release */ = {
			isa = XCBuildConfiguration;
			buildSettings = {
				ALWAYS_SEARCH_USER_PATHS = NO;
				CLANG_CXX_LANGUAGE_STANDARD = "gnu++0x";
				CLANG_CXX_LIBRARY = "libc++";
				CLANG_ENABLE_MODULES = YES;
				CLANG_ENABLE_OBJC_ARC = YES;
				CLANG_WARN_BOOL_CONVERSION = YES;
				CLANG_WARN_CONSTANT_CONVERSION = YES;
				CLANG_WARN_DIRECT_OBJC_ISA_USAGE = YES_ERROR;
				CLANG_WARN_EMPTY_BODY = YES;
				CLANG_WARN_ENUM_CONVERSION = YES;
				CLANG_WARN_INT_CONVERSION = YES;
				CLANG_WARN_OBJC_ROOT_CLASS = YES_ERROR;
				CLANG_WARN_UNREACHABLE_CODE = YES;
				CLANG_WARN__DUPLICATE_METHOD_MATCH = YES;
				"CODE_SIGN_IDENTITY[sdk=iphoneos*]" = "iPhone Developer";
				COPY_PHASE_STRIP = NO;
				DEBUG_INFORMATION_FORMAT = "dwarf-with-dsym";
				ENABLE_NS_ASSERTIONS = NO;
				ENABLE_STRICT_OBJC_MSGSEND = YES;
				GCC_C_LANGUAGE_STANDARD = gnu99;
				GCC_NO_COMMON_BLOCKS = YES;
				GCC_WARN_64_TO_32_BIT_CONVERSION = YES;
				GCC_WARN_ABOUT_RETURN_TYPE = YES_ERROR;
				GCC_WARN_UNDECLARED_SELECTOR = YES;
				GCC_WARN_UNINITIALIZED_AUTOS = YES_AGGRESSIVE;
				GCC_WARN_UNUSED_FUNCTION = YES;
				GCC_WARN_UNUSED_VARIABLE = YES;
				IPHONEOS_DEPLOYMENT_TARGET = 9.2;
				MTL_ENABLE_DEBUG_INFO = NO;
				SDKROOT = iphoneos;
				TARGETED_DEVICE_FAMILY = "1,2";
				VALIDATE_PRODUCT = YES;
			};
			name = Release;
		};
		32AB810E1CC8D394006CF82A /* Debug */ = {
			isa = XCBuildConfiguration;
			buildSettings = {
				ASSETCATALOG_COMPILER_APPICON_NAME = AppIcon;
				INFOPLIST_FILE = pageViewDemo/Info.plist;
				LD_RUNPATH_SEARCH_PATHS = "$(inherited) @executable_path/Frameworks";
				PRODUCT_BUNDLE_IDENTIFIER = com.pulpstrategy.pageViewDemo;
				PRODUCT_NAME = "$(TARGET_NAME)";
			};
			name = Debug;
		};
		32AB810F1CC8D394006CF82A /* Release */ = {
			isa = XCBuildConfiguration;
			buildSettings = {
				ASSETCATALOG_COMPILER_APPICON_NAME = AppIcon;
				INFOPLIST_FILE = pageViewDemo/Info.plist;
				LD_RUNPATH_SEARCH_PATHS = "$(inherited) @executable_path/Frameworks";
				PRODUCT_BUNDLE_IDENTIFIER = com.pulpstrategy.pageViewDemo;
				PRODUCT_NAME = "$(TARGET_NAME)";
			};
			name = Release;
		};
/* End XCBuildConfiguration section */

/* Begin XCConfigurationList section */
		32AB80EB1CC8D394006CF82A /* Build configuration list for PBXProject "pageViewDemo" */ = {
			isa = XCConfigurationList;
			buildConfigurations = (
				32AB810B1CC8D394006CF82A /* Debug */,
				32AB810C1CC8D394006CF82A /* Release */,
			);
			defaultConfigurationIsVisible = 0;
			defaultConfigurationName = Release;
		};
		32AB810D1CC8D394006CF82A /* Build configuration list for PBXNativeTarget "pageViewDemo" */ = {
			isa = XCConfigurationList;
			buildConfigurations = (
				32AB810E1CC8D394006CF82A /* Debug */,
				32AB810F1CC8D394006CF82A /* Release */,
			);
			defaultConfigurationIsVisible = 0;
		};
/* End XCConfigurationList section */
	};
	rootObject = 32AB80E81CC8D394006CF82A /* Project object */;
}
